// !$*UTF8*$!
{
	archiveVersion = 1;
	classes = {
	};
	objectVersion = 50;
	objects = {

/* Begin PBXBuildFile section */
		2ABE6D7A24BDDEA800AB29B8 /* AppDelegate.swift in Sources */ = {isa = PBXBuildFile; fileRef = 2ABE6D7924BDDEA800AB29B8 /* AppDelegate.swift */; };
		2ABE6D7C24BDDEA800AB29B8 /* SceneDelegate.swift in Sources */ = {isa = PBXBuildFile; fileRef = 2ABE6D7B24BDDEA800AB29B8 /* SceneDelegate.swift */; };
		2ABE6D7E24BDDEA800AB29B8 /* ContentView.swift in Sources */ = {isa = PBXBuildFile; fileRef = 2ABE6D7D24BDDEA800AB29B8 /* ContentView.swift */; };
		2ABE6D8024BDDEAA00AB29B8 /* Assets.xcassets in Resources */ = {isa = PBXBuildFile; fileRef = 2ABE6D7F24BDDEAA00AB29B8 /* Assets.xcassets */; };
		2ABE6D8324BDDEAA00AB29B8 /* Preview Assets.xcassets in Resources */ = {isa = PBXBuildFile; fileRef = 2ABE6D8224BDDEAA00AB29B8 /* Preview Assets.xcassets */; };
		2ABE6D8624BDDEAA00AB29B8 /* LaunchScreen.storyboard in Resources */ = {isa = PBXBuildFile; fileRef = 2ABE6D8424BDDEAA00AB29B8 /* LaunchScreen.storyboard */; };
		2ABE6D9124BDDEAA00AB29B8 /* bibliopegistTests.swift in Sources */ = {isa = PBXBuildFile; fileRef = 2ABE6D9024BDDEAA00AB29B8 /* bibliopegistTests.swift */; };
		2ABE6D9C24BDDEAA00AB29B8 /* bibliopegistUITests.swift in Sources */ = {isa = PBXBuildFile; fileRef = 2ABE6D9B24BDDEAA00AB29B8 /* bibliopegistUITests.swift */; };
/* End PBXBuildFile section */

/* Begin PBXContainerItemProxy section */
		2ABE6D8D24BDDEAA00AB29B8 /* PBXContainerItemProxy */ = {
			isa = PBXContainerItemProxy;
			containerPortal = 2ABE6D6E24BDDEA800AB29B8 /* Project object */;
			proxyType = 1;
			remoteGlobalIDString = 2ABE6D7524BDDEA800AB29B8;
			remoteInfo = bibliopegist;
		};
		2ABE6D9824BDDEAA00AB29B8 /* PBXContainerItemProxy */ = {
			isa = PBXContainerItemProxy;
			containerPortal = 2ABE6D6E24BDDEA800AB29B8 /* Project object */;
			proxyType = 1;
			remoteGlobalIDString = 2ABE6D7524BDDEA800AB29B8;
			remoteInfo = bibliopegist;
		};
/* End PBXContainerItemProxy section */

/* Begin PBXFileReference section */
		2ABE6D7624BDDEA800AB29B8 /* bibliopegist.app */ = {isa = PBXFileReference; explicitFileType = wrapper.application; includeInIndex = 0; path = bibliopegist.app; sourceTree = BUILT_PRODUCTS_DIR; };
		2ABE6D7924BDDEA800AB29B8 /* AppDelegate.swift */ = {isa = PBXFileReference; lastKnownFileType = sourcecode.swift; path = AppDelegate.swift; sourceTree = "<group>"; };
		2ABE6D7B24BDDEA800AB29B8 /* SceneDelegate.swift */ = {isa = PBXFileReference; lastKnownFileType = sourcecode.swift; path = SceneDelegate.swift; sourceTree = "<group>"; };
		2ABE6D7D24BDDEA800AB29B8 /* ContentView.swift */ = {isa = PBXFileReference; lastKnownFileType = sourcecode.swift; path = ContentView.swift; sourceTree = "<group>"; };
		2ABE6D7F24BDDEAA00AB29B8 /* Assets.xcassets */ = {isa = PBXFileReference; lastKnownFileType = folder.assetcatalog; path = Assets.xcassets; sourceTree = "<group>"; };
		2ABE6D8224BDDEAA00AB29B8 /* Preview Assets.xcassets */ = {isa = PBXFileReference; lastKnownFileType = folder.assetcatalog; path = "Preview Assets.xcassets"; sourceTree = "<group>"; };
		2ABE6D8524BDDEAA00AB29B8 /* Base */ = {isa = PBXFileReference; lastKnownFileType = file.storyboard; name = Base; path = Base.lproj/LaunchScreen.storyboard; sourceTree = "<group>"; };
		2ABE6D8724BDDEAA00AB29B8 /* Info.plist */ = {isa = PBXFileReference; lastKnownFileType = text.plist.xml; path = Info.plist; sourceTree = "<group>"; };
		2ABE6D8C24BDDEAA00AB29B8 /* bibliopegistTests.xctest */ = {isa = PBXFileReference; explicitFileType = wrapper.cfbundle; includeInIndex = 0; path = bibliopegistTests.xctest; sourceTree = BUILT_PRODUCTS_DIR; };
		2ABE6D9024BDDEAA00AB29B8 /* bibliopegistTests.swift */ = {isa = PBXFileReference; lastKnownFileType = sourcecode.swift; path = bibliopegistTests.swift; sourceTree = "<group>"; };
		2ABE6D9224BDDEAA00AB29B8 /* Info.plist */ = {isa = PBXFileReference; lastKnownFileType = text.plist.xml; path = Info.plist; sourceTree = "<group>"; };
		2ABE6D9724BDDEAA00AB29B8 /* bibliopegistUITests.xctest */ = {isa = PBXFileReference; explicitFileType = wrapper.cfbundle; includeInIndex = 0; path = bibliopegistUITests.xctest; sourceTree = BUILT_PRODUCTS_DIR; };
		2ABE6D9B24BDDEAA00AB29B8 /* bibliopegistUITests.swift */ = {isa = PBXFileReference; lastKnownFileType = sourcecode.swift; path = bibliopegistUITests.swift; sourceTree = "<group>"; };
		2ABE6D9D24BDDEAA00AB29B8 /* Info.plist */ = {isa = PBXFileReference; lastKnownFileType = text.plist.xml; path = Info.plist; sourceTree = "<group>"; };
/* End PBXFileReference section */

/* Begin PBXFrameworksBuildPhase section */
		2ABE6D7324BDDEA800AB29B8 /* Frameworks */ = {
			isa = PBXFrameworksBuildPhase;
			buildActionMask = 2147483647;
			files = (
			);
			runOnlyForDeploymentPostprocessing = 0;
		};
		2ABE6D8924BDDEAA00AB29B8 /* Frameworks */ = {
			isa = PBXFrameworksBuildPhase;
			buildActionMask = 2147483647;
			files = (
			);
			runOnlyForDeploymentPostprocessing = 0;
		};
		2ABE6D9424BDDEAA00AB29B8 /* Frameworks */ = {
			isa = PBXFrameworksBuildPhase;
			buildActionMask = 2147483647;
			files = (
			);
			runOnlyForDeploymentPostprocessing = 0;
		};
/* End PBXFrameworksBuildPhase section */

/* Begin PBXGroup section */
		2ABE6D6D24BDDEA800AB29B8 = {
			isa = PBXGroup;
			children = (
				2ABE6D7824BDDEA800AB29B8 /* bibliopegist */,
				2ABE6D8F24BDDEAA00AB29B8 /* bibliopegistTests */,
				2ABE6D9A24BDDEAA00AB29B8 /* bibliopegistUITests */,
				2ABE6D7724BDDEA800AB29B8 /* Products */,
			);
			sourceTree = "<group>";
		};
		2ABE6D7724BDDEA800AB29B8 /* Products */ = {
			isa = PBXGroup;
			children = (
				2ABE6D7624BDDEA800AB29B8 /* bibliopegist.app */,
				2ABE6D8C24BDDEAA00AB29B8 /* bibliopegistTests.xctest */,
				2ABE6D9724BDDEAA00AB29B8 /* bibliopegistUITests.xctest */,
			);
			name = Products;
			sourceTree = "<group>";
		};
		2ABE6D7824BDDEA800AB29B8 /* bibliopegist */ = {
			isa = PBXGroup;
			children = (
				2ABE6D7924BDDEA800AB29B8 /* AppDelegate.swift */,
				2ABE6D7B24BDDEA800AB29B8 /* SceneDelegate.swift */,
				2ABE6D7D24BDDEA800AB29B8 /* ContentView.swift */,
				2ABE6D7F24BDDEAA00AB29B8 /* Assets.xcassets */,
				2ABE6D8424BDDEAA00AB29B8 /* LaunchScreen.storyboard */,
				2ABE6D8724BDDEAA00AB29B8 /* Info.plist */,
				2ABE6D8124BDDEAA00AB29B8 /* Preview Content */,
			);
			path = bibliopegist;
			sourceTree = "<group>";
		};
		2ABE6D8124BDDEAA00AB29B8 /* Preview Content */ = {
			isa = PBXGroup;
			children = (
				2ABE6D8224BDDEAA00AB29B8 /* Preview Assets.xcassets */,
			);
			path = "Preview Content";
			sourceTree = "<group>";
		};
		2ABE6D8F24BDDEAA00AB29B8 /* bibliopegistTests */ = {
			isa = PBXGroup;
			children = (
				2ABE6D9024BDDEAA00AB29B8 /* bibliopegistTests.swift */,
				2ABE6D9224BDDEAA00AB29B8 /* Info.plist */,
			);
			path = bibliopegistTests;
			sourceTree = "<group>";
		};
		2ABE6D9A24BDDEAA00AB29B8 /* bibliopegistUITests */ = {
			isa = PBXGroup;
			children = (
				2ABE6D9B24BDDEAA00AB29B8 /* bibliopegistUITests.swift */,
				2ABE6D9D24BDDEAA00AB29B8 /* Info.plist */,
			);
			path = bibliopegistUITests;
			sourceTree = "<group>";
		};
/* End PBXGroup section */

/* Begin PBXNativeTarget section */
		2ABE6D7524BDDEA800AB29B8 /* bibliopegist */ = {
			isa = PBXNativeTarget;
			buildConfigurationList = 2ABE6DA024BDDEAA00AB29B8 /* Build configuration list for PBXNativeTarget "bibliopegist" */;
			buildPhases = (
				2ABE6D7224BDDEA800AB29B8 /* Sources */,
				2ABE6D7324BDDEA800AB29B8 /* Frameworks */,
				2ABE6D7424BDDEA800AB29B8 /* Resources */,
			);
			buildRules = (
			);
			dependencies = (
			);
			name = bibliopegist;
			productName = bibliopegist;
			productReference = 2ABE6D7624BDDEA800AB29B8 /* bibliopegist.app */;
			productType = "com.apple.product-type.application";
		};
		2ABE6D8B24BDDEAA00AB29B8 /* bibliopegistTests */ = {
			isa = PBXNativeTarget;
			buildConfigurationList = 2ABE6DA324BDDEAA00AB29B8 /* Build configuration list for PBXNativeTarget "bibliopegistTests" */;
			buildPhases = (
				2ABE6D8824BDDEAA00AB29B8 /* Sources */,
				2ABE6D8924BDDEAA00AB29B8 /* Frameworks */,
				2ABE6D8A24BDDEAA00AB29B8 /* Resources */,
			);
			buildRules = (
			);
			dependencies = (
				2ABE6D8E24BDDEAA00AB29B8 /* PBXTargetDependency */,
			);
			name = bibliopegistTests;
			productName = bibliopegistTests;
			productReference = 2ABE6D8C24BDDEAA00AB29B8 /* bibliopegistTests.xctest */;
			productType = "com.apple.product-type.bundle.unit-test";
		};
		2ABE6D9624BDDEAA00AB29B8 /* bibliopegistUITests */ = {
			isa = PBXNativeTarget;
			buildConfigurationList = 2ABE6DA624BDDEAA00AB29B8 /* Build configuration list for PBXNativeTarget "bibliopegistUITests" */;
			buildPhases = (
				2ABE6D9324BDDEAA00AB29B8 /* Sources */,
				2ABE6D9424BDDEAA00AB29B8 /* Frameworks */,
				2ABE6D9524BDDEAA00AB29B8 /* Resources */,
			);
			buildRules = (
			);
			dependencies = (
				2ABE6D9924BDDEAA00AB29B8 /* PBXTargetDependency */,
			);
			name = bibliopegistUITests;
			productName = bibliopegistUITests;
			productReference = 2ABE6D9724BDDEAA00AB29B8 /* bibliopegistUITests.xctest */;
			productType = "com.apple.product-type.bundle.ui-testing";
		};
/* End PBXNativeTarget section */

/* Begin PBXProject section */
		2ABE6D6E24BDDEA800AB29B8 /* Project object */ = {
			isa = PBXProject;
			attributes = {
				LastSwiftUpdateCheck = 1130;
				LastUpgradeCheck = 1130;
				ORGANIZATIONNAME = hurou927;
				TargetAttributes = {
					2ABE6D7524BDDEA800AB29B8 = {
						CreatedOnToolsVersion = 11.3.1;
					};
					2ABE6D8B24BDDEAA00AB29B8 = {
						CreatedOnToolsVersion = 11.3.1;
						TestTargetID = 2ABE6D7524BDDEA800AB29B8;
					};
					2ABE6D9624BDDEAA00AB29B8 = {
						CreatedOnToolsVersion = 11.3.1;
						TestTargetID = 2ABE6D7524BDDEA800AB29B8;
					};
				};
			};
			buildConfigurationList = 2ABE6D7124BDDEA800AB29B8 /* Build configuration list for PBXProject "bibliopegist" */;
			compatibilityVersion = "Xcode 9.3";
			developmentRegion = en;
			hasScannedForEncodings = 0;
			knownRegions = (
				en,
				Base,
			);
			mainGroup = 2ABE6D6D24BDDEA800AB29B8;
			productRefGroup = 2ABE6D7724BDDEA800AB29B8 /* Products */;
			projectDirPath = "";
			projectRoot = "";
			targets = (
				2ABE6D7524BDDEA800AB29B8 /* bibliopegist */,
				2ABE6D8B24BDDEAA00AB29B8 /* bibliopegistTests */,
				2ABE6D9624BDDEAA00AB29B8 /* bibliopegistUITests */,
			);
		};
/* End PBXProject section */

/* Begin PBXResourcesBuildPhase section */
		2ABE6D7424BDDEA800AB29B8 /* Resources */ = {
			isa = PBXResourcesBuildPhase;
			buildActionMask = 2147483647;
			files = (
				2ABE6D8624BDDEAA00AB29B8 /* LaunchScreen.storyboard in Resources */,
				2ABE6D8324BDDEAA00AB29B8 /* Preview Assets.xcassets in Resources */,
				2ABE6D8024BDDEAA00AB29B8 /* Assets.xcassets in Resources */,
			);
			runOnlyForDeploymentPostprocessing = 0;
		};
		2ABE6D8A24BDDEAA00AB29B8 /* Resources */ = {
			isa = PBXResourcesBuildPhase;
			buildActionMask = 2147483647;
			files = (
			);
			runOnlyForDeploymentPostprocessing = 0;
		};
		2ABE6D9524BDDEAA00AB29B8 /* Resources */ = {
			isa = PBXResourcesBuildPhase;
			buildActionMask = 2147483647;
			files = (
			);
			runOnlyForDeploymentPostprocessing = 0;
		};
/* End PBXResourcesBuildPhase section */

/* Begin PBXSourcesBuildPhase section */
		2ABE6D7224BDDEA800AB29B8 /* Sources */ = {
			isa = PBXSourcesBuildPhase;
			buildActionMask = 2147483647;
			files = (
				2ABE6D7A24BDDEA800AB29B8 /* AppDelegate.swift in Sources */,
				2ABE6D7C24BDDEA800AB29B8 /* SceneDelegate.swift in Sources */,
				2ABE6D7E24BDDEA800AB29B8 /* ContentView.swift in Sources */,
			);
			runOnlyForDeploymentPostprocessing = 0;
		};
		2ABE6D8824BDDEAA00AB29B8 /* Sources */ = {
			isa = PBXSourcesBuildPhase;
			buildActionMask = 2147483647;
			files = (
				2ABE6D9124BDDEAA00AB29B8 /* bibliopegistTests.swift in Sources */,
			);
			runOnlyForDeploymentPostprocessing = 0;
		};
		2ABE6D9324BDDEAA00AB29B8 /* Sources */ = {
			isa = PBXSourcesBuildPhase;
			buildActionMask = 2147483647;
			files = (
				2ABE6D9C24BDDEAA00AB29B8 /* bibliopegistUITests.swift in Sources */,
			);
			runOnlyForDeploymentPostprocessing = 0;
		};
/* End PBXSourcesBuildPhase section */

/* Begin PBXTargetDependency section */
		2ABE6D8E24BDDEAA00AB29B8 /* PBXTargetDependency */ = {
			isa = PBXTargetDependency;
			target = 2ABE6D7524BDDEA800AB29B8 /* bibliopegist */;
			targetProxy = 2ABE6D8D24BDDEAA00AB29B8 /* PBXContainerItemProxy */;
		};
		2ABE6D9924BDDEAA00AB29B8 /* PBXTargetDependency */ = {
			isa = PBXTargetDependency;
			target = 2ABE6D7524BDDEA800AB29B8 /* bibliopegist */;
			targetProxy = 2ABE6D9824BDDEAA00AB29B8 /* PBXContainerItemProxy */;
		};
/* End PBXTargetDependency section */

/* Begin PBXVariantGroup section */
		2ABE6D8424BDDEAA00AB29B8 /* LaunchScreen.storyboard */ = {
			isa = PBXVariantGroup;
			children = (
				2ABE6D8524BDDEAA00AB29B8 /* Base */,
			);
			name = LaunchScreen.storyboard;
			sourceTree = "<group>";
		};
/* End PBXVariantGroup section */

/* Begin XCBuildConfiguration section */
		2ABE6D9E24BDDEAA00AB29B8 /* Debug */ = {
			isa = XCBuildConfiguration;
			buildSettings = {
				ALWAYS_SEARCH_USER_PATHS = NO;
				CLANG_ANALYZER_NONNULL = YES;
				CLANG_ANALYZER_NUMBER_OBJECT_CONVERSION = YES_AGGRESSIVE;
				CLANG_CXX_LANGUAGE_STANDARD = "gnu++14";
				CLANG_CXX_LIBRARY = "libc++";
				CLANG_ENABLE_MODULES = YES;
				CLANG_ENABLE_OBJC_ARC = YES;
				CLANG_ENABLE_OBJC_WEAK = YES;
				CLANG_WARN_BLOCK_CAPTURE_AUTORELEASING = YES;
				CLANG_WARN_BOOL_CONVERSION = YES;
				CLANG_WARN_COMMA = YES;
				CLANG_WARN_CONSTANT_CONVERSION = YES;
				CLANG_WARN_DEPRECATED_OBJC_IMPLEMENTATIONS = YES;
				CLANG_WARN_DIRECT_OBJC_ISA_USAGE = YES_ERROR;
				CLANG_WARN_DOCUMENTATION_COMMENTS = YES;
				CLANG_WARN_EMPTY_BODY = YES;
				CLANG_WARN_ENUM_CONVERSION = YES;
				CLANG_WARN_INFINITE_RECURSION = YES;
				CLANG_WARN_INT_CONVERSION = YES;
				CLANG_WARN_NON_LITERAL_NULL_CONVERSION = YES;
				CLANG_WARN_OBJC_IMPLICIT_RETAIN_SELF = YES;
				CLANG_WARN_OBJC_LITERAL_CONVERSION = YES;
				CLANG_WARN_OBJC_ROOT_CLASS = YES_ERROR;
				CLANG_WARN_RANGE_LOOP_ANALYSIS = YES;
				CLANG_WARN_STRICT_PROTOTYPES = YES;
				CLANG_WARN_SUSPICIOUS_MOVE = YES;
				CLANG_WARN_UNGUARDED_AVAILABILITY = YES_AGGRESSIVE;
				CLANG_WARN_UNREACHABLE_CODE = YES;
				CLANG_WARN__DUPLICATE_METHOD_MATCH = YES;
				COPY_PHASE_STRIP = NO;
				DEBUG_INFORMATION_FORMAT = dwarf;
				ENABLE_STRICT_OBJC_MSGSEND = YES;
				ENABLE_TESTABILITY = YES;
				GCC_C_LANGUAGE_STANDARD = gnu11;
				GCC_DYNAMIC_NO_PIC = NO;
				GCC_NO_COMMON_BLOCKS = YES;
				GCC_OPTIMIZATION_LEVEL = 0;
				GCC_PREPROCESSOR_DEFINITIONS = (
					"DEBUG=1",
					"$(inherited)",
				);
				GCC_WARN_64_TO_32_BIT_CONVERSION = YES;
				GCC_WARN_ABOUT_RETURN_TYPE = YES_ERROR;
				GCC_WARN_UNDECLARED_SELECTOR = YES;
				GCC_WARN_UNINITIALIZED_AUTOS = YES_AGGRESSIVE;
				GCC_WARN_UNUSED_FUNCTION = YES;
				GCC_WARN_UNUSED_VARIABLE = YES;
				IPHONEOS_DEPLOYMENT_TARGET = 13.2;
				MTL_ENABLE_DEBUG_INFO = INCLUDE_SOURCE;
				MTL_FAST_MATH = YES;
				ONLY_ACTIVE_ARCH = YES;
				SDKROOT = iphoneos;
				SWIFT_ACTIVE_COMPILATION_CONDITIONS = DEBUG;
				SWIFT_OPTIMIZATION_LEVEL = "-Onone";
			};
			name = Debug;
		};
		2ABE6D9F24BDDEAA00AB29B8 /* Release */ = {
			isa = XCBuildConfiguration;
			buildSettings = {
				ALWAYS_SEARCH_USER_PATHS = NO;
				CLANG_ANALYZER_NONNULL = YES;
				CLANG_ANALYZER_NUMBER_OBJECT_CONVERSION = YES_AGGRESSIVE;
				CLANG_CXX_LANGUAGE_STANDARD = "gnu++14";
				CLANG_CXX_LIBRARY = "libc++";
				CLANG_ENABLE_MODULES = YES;
				CLANG_ENABLE_OBJC_ARC = YES;
				CLANG_ENABLE_OBJC_WEAK = YES;
				CLANG_WARN_BLOCK_CAPTURE_AUTORELEASING = YES;
				CLANG_WARN_BOOL_CONVERSION = YES;
				CLANG_WARN_COMMA = YES;
				CLANG_WARN_CONSTANT_CONVERSION = YES;
				CLANG_WARN_DEPRECATED_OBJC_IMPLEMENTATIONS = YES;
				CLANG_WARN_DIRECT_OBJC_ISA_USAGE = YES_ERROR;
				CLANG_WARN_DOCUMENTATION_COMMENTS = YES;
				CLANG_WARN_EMPTY_BODY = YES;
				CLANG_WARN_ENUM_CONVERSION = YES;
				CLANG_WARN_INFINITE_RECURSION = YES;
				CLANG_WARN_INT_CONVERSION = YES;
				CLANG_WARN_NON_LITERAL_NULL_CONVERSION = YES;
				CLANG_WARN_OBJC_IMPLICIT_RETAIN_SELF = YES;
				CLANG_WARN_OBJC_LITERAL_CONVERSION = YES;
				CLANG_WARN_OBJC_ROOT_CLASS = YES_ERROR;
				CLANG_WARN_RANGE_LOOP_ANALYSIS = YES;
				CLANG_WARN_STRICT_PROTOTYPES = YES;
				CLANG_WARN_SUSPICIOUS_MOVE = YES;
				CLANG_WARN_UNGUARDED_AVAILABILITY = YES_AGGRESSIVE;
				CLANG_WARN_UNREACHABLE_CODE = YES;
				CLANG_WARN__DUPLICATE_METHOD_MATCH = YES;
				COPY_PHASE_STRIP = NO;
				DEBUG_INFORMATION_FORMAT = "dwarf-with-dsym";
				ENABLE_NS_ASSERTIONS = NO;
				ENABLE_STRICT_OBJC_MSGSEND = YES;
				GCC_C_LANGUAGE_STANDARD = gnu11;
				GCC_NO_COMMON_BLOCKS = YES;
				GCC_WARN_64_TO_32_BIT_CONVERSION = YES;
				GCC_WARN_ABOUT_RETURN_TYPE = YES_ERROR;
				GCC_WARN_UNDECLARED_SELECTOR = YES;
				GCC_WARN_UNINITIALIZED_AUTOS = YES_AGGRESSIVE;
				GCC_WARN_UNUSED_FUNCTION = YES;
				GCC_WARN_UNUSED_VARIABLE = YES;
				IPHONEOS_DEPLOYMENT_TARGET = 13.2;
				MTL_ENABLE_DEBUG_INFO = NO;
				MTL_FAST_MATH = YES;
				SDKROOT = iphoneos;
				SWIFT_COMPILATION_MODE = wholemodule;
				SWIFT_OPTIMIZATION_LEVEL = "-O";
				VALIDATE_PRODUCT = YES;
			};
			name = Release;
		};
		2ABE6DA124BDDEAA00AB29B8 /* Debug */ = {
			isa = XCBuildConfiguration;
			buildSettings = {
				ASSETCATALOG_COMPILER_APPICON_NAME = AppIcon;
				CODE_SIGN_STYLE = Automatic;
				DEVELOPMENT_ASSET_PATHS = "\"bibliopegist/Preview Content\"";
				DEVELOPMENT_TEAM = T7BK64X2BF;
				ENABLE_PREVIEWS = YES;
				INFOPLIST_FILE = bibliopegist/Info.plist;
				LD_RUNPATH_SEARCH_PATHS = (
					"$(inherited)",
					"@executable_path/Frameworks",
				);
				PRODUCT_BUNDLE_IDENTIFIER = com.hurouapp.bibliopegist;
				PRODUCT_NAME = "$(TARGET_NAME)";
				SWIFT_VERSION = 5.0;
				TARGETED_DEVICE_FAMILY = "1,2";
			};
			name = Debug;
		};
		2ABE6DA224BDDEAA00AB29B8 /* Release */ = {
			isa = XCBuildConfiguration;
			buildSettings = {
				ASSETCATALOG_COMPILER_APPICON_NAME = AppIcon;
				CODE_SIGN_STYLE = Automatic;
				DEVELOPMENT_ASSET_PATHS = "\"bibliopegist/Preview Content\"";
				DEVELOPMENT_TEAM = T7BK64X2BF;
				ENABLE_PREVIEWS = YES;
				INFOPLIST_FILE = bibliopegist/Info.plist;
				LD_RUNPATH_SEARCH_PATHS = (
					"$(inherited)",
					"@executable_path/Frameworks",
				);
				PRODUCT_BUNDLE_IDENTIFIER = com.hurouapp.bibliopegist;
				PRODUCT_NAME = "$(TARGET_NAME)";
				SWIFT_VERSION = 5.0;
				TARGETED_DEVICE_FAMILY = "1,2";
			};
			name = Release;
		};
		2ABE6DA424BDDEAA00AB29B8 /* Debug */ = {
			isa = XCBuildConfiguration;
			buildSettings = {
				ALWAYS_EMBED_SWIFT_STANDARD_LIBRARIES = YES;
				BUNDLE_LOADER = "$(TEST_HOST)";
				CODE_SIGN_STYLE = Automatic;
				DEVELOPMENT_TEAM = T7BK64X2BF;
				INFOPLIST_FILE = bibliopegistTests/Info.plist;
				IPHONEOS_DEPLOYMENT_TARGET = 13.2;
				LD_RUNPATH_SEARCH_PATHS = (
					"$(inherited)",
					"@executable_path/Frameworks",
					"@loader_path/Frameworks",
				);
				PRODUCT_BUNDLE_IDENTIFIER = com.hurouapp.bibliopegistTests;
				PRODUCT_NAME = "$(TARGET_NAME)";
				SWIFT_VERSION = 5.0;
				TARGETED_DEVICE_FAMILY = "1,2";
				TEST_HOST = "$(BUILT_PRODUCTS_DIR)/bibliopegist.app/bibliopegist";
			};
			name = Debug;
		};
		2ABE6DA524BDDEAA00AB29B8 /* Release */ = {
			isa = XCBuildConfiguration;
			buildSettings = {
				ALWAYS_EMBED_SWIFT_STANDARD_LIBRARIES = YES;
				BUNDLE_LOADER = "$(TEST_HOST)";
				CODE_SIGN_STYLE = Automatic;
				DEVELOPMENT_TEAM = T7BK64X2BF;
				INFOPLIST_FILE = bibliopegistTests/Info.plist;
				IPHONEOS_DEPLOYMENT_TARGET = 13.2;
				LD_RUNPATH_SEARCH_PATHS = (
					"$(inherited)",
					"@executable_path/Frameworks",
					"@loader_path/Frameworks",
				);
				PRODUCT_BUNDLE_IDENTIFIER = com.hurouapp.bibliopegistTests;
				PRODUCT_NAME = "$(TARGET_NAME)";
				SWIFT_VERSION = 5.0;
				TARGETED_DEVICE_FAMILY = "1,2";
				TEST_HOST = "$(BUILT_PRODUCTS_DIR)/bibliopegist.app/bibliopegist";
			};
			name = Release;
		};
		2ABE6DA724BDDEAA00AB29B8 /* Debug */ = {
			isa = XCBuildConfiguration;
			buildSettings = {
				ALWAYS_EMBED_SWIFT_STANDARD_LIBRARIES = YES;
				CODE_SIGN_STYLE = Automatic;
				DEVELOPMENT_TEAM = T7BK64X2BF;
				INFOPLIST_FILE = bibliopegistUITests/Info.plist;
				LD_RUNPATH_SEARCH_PATHS = (
					"$(inherited)",
					"@executable_path/Frameworks",
					"@loader_path/Frameworks",
				);
				PRODUCT_BUNDLE_IDENTIFIER = com.hurouapp.bibliopegistUITests;
				PRODUCT_NAME = "$(TARGET_NAME)";
				SWIFT_VERSION = 5.0;
				TARGETED_DEVICE_FAMILY = "1,2";
				TEST_TARGET_NAME = bibliopegist;
			};
			name = Debug;
		};
		2ABE6DA824BDDEAA00AB29B8 /* Release */ = {
			isa = XCBuildConfiguration;
			buildSettings = {
				ALWAYS_EMBED_SWIFT_STANDARD_LIBRARIES = YES;
				CODE_SIGN_STYLE = Automatic;
				DEVELOPMENT_TEAM = T7BK64X2BF;
				INFOPLIST_FILE = bibliopegistUITests/Info.plist;
				LD_RUNPATH_SEARCH_PATHS = (
					"$(inherited)",
					"@executable_path/Frameworks",
					"@loader_path/Frameworks",
				);
				PRODUCT_BUNDLE_IDENTIFIER = com.hurouapp.bibliopegistUITests;
				PRODUCT_NAME = "$(TARGET_NAME)";
				SWIFT_VERSION = 5.0;
				TARGETED_DEVICE_FAMILY = "1,2";
				TEST_TARGET_NAME = bibliopegist;
			};
			name = Release;
		};
/* End XCBuildConfiguration section */

/* Begin XCConfigurationList section */
		2ABE6D7124BDDEA800AB29B8 /* Build configuration list for PBXProject "bibliopegist" */ = {
			isa = XCConfigurationList;
			buildConfigurations = (
				2ABE6D9E24BDDEAA00AB29B8 /* Debug */,
				2ABE6D9F24BDDEAA00AB29B8 /* Release */,
			);
			defaultConfigurationIsVisible = 0;
			defaultConfigurationName = Release;
		};
		2ABE6DA024BDDEAA00AB29B8 /* Build configuration list for PBXNativeTarget "bibliopegist" */ = {
			isa = XCConfigurationList;
			buildConfigurations = (
				2ABE6DA124BDDEAA00AB29B8 /* Debug */,
				2ABE6DA224BDDEAA00AB29B8 /* Release */,
			);
			defaultConfigurationIsVisible = 0;
			defaultConfigurationName = Release;
		};
		2ABE6DA324BDDEAA00AB29B8 /* Build configuration list for PBXNativeTarget "bibliopegistTests" */ = {
			isa = XCConfigurationList;
			buildConfigurations = (
				2ABE6DA424BDDEAA00AB29B8 /* Debug */,
				2ABE6DA524BDDEAA00AB29B8 /* Release */,
			);
			defaultConfigurationIsVisible = 0;
			defaultConfigurationName = Release;
		};
		2ABE6DA624BDDEAA00AB29B8 /* Build configuration list for PBXNativeTarget "bibliopegistUITests" */ = {
			isa = XCConfigurationList;
			buildConfigurations = (
				2ABE6DA724BDDEAA00AB29B8 /* Debug */,
				2ABE6DA824BDDEAA00AB29B8 /* Release */,
			);
			defaultConfigurationIsVisible = 0;
			defaultConfigurationName = Release;
		};
/* End XCConfigurationList section */
	};
	rootObject = 2ABE6D6E24BDDEA800AB29B8 /* Project object */;
}
